
Microsoft Visual Studio Solution File, Format Version 12.00
# Visual Studio Version 17
VisualStudioVersion = 17.9.34728.123
MinimumVisualStudioVersion = 10.0.40219.1
Project("{FAE04EC0-301F-11D3-BF4B-00C04F79EFBC}") = "Zachary Renyhart Assignment 2.1.3", "Zachary Renyhart Assignment 2.1.3.csproj", "{8B6D31D0-1A26-49DF-AD81-749A4AED56E3}"
EndProject
Global
	GlobalSection(SolutionConfigurationPlatforms) = preSolution
		Debug|Any CPU = Debug|Any CPU
		Release|Any CPU = Release|Any CPU
	EndGlobalSection
	GlobalSection(ProjectConfigurationPlatforms) = postSolution
		{8B6D31D0-1A26-49DF-AD81-749A4AED56E3}.Debug|Any CPU.ActiveCfg = Debug|Any CPU
		{8B6D31D0-1A26-49DF-AD81-749A4AED56E3}.Debug|Any CPU.Build.0 = Debug|Any CPU
		{8B6D31D0-1A26-49DF-AD81-749A4AED56E3}.Release|Any CPU.ActiveCfg = Release|Any CPU
		{8B6D31D0-1A26-49DF-AD81-749A4AED56E3}.Release|Any CPU.Build.0 = Release|Any CPU
	EndGlobalSection
	GlobalSection(SolutionProperties) = preSolution
		HideSolutionNode = FALSE
	EndGlobalSection
	GlobalSection(ExtensibilityGlobals) = postSolution
		SolutionGuid = {DBFA4985-BEE8-466E-A031-E0EEA4D47D5A}
	EndGlobalSection
EndGlobal
